
Microsoft Visual Studio Solution File, Format Version 12.00
# Visual Studio Version 17
VisualStudioVersion = 17.7.34202.233
MinimumVisualStudioVersion = 10.0.40219.1
Project("{8BC9CEB8-8B4A-11D0-8D11-00A0C91BC942}") = "cpp_app_24", "cpp_app_24.vcxproj", "{178C2D65-8635-406D-A3A4-21E23B1D0881}"
EndProject
Global
	GlobalSection(SolutionConfigurationPlatforms) = preSolution
		Debug|x64 = Debug|x64
		Debug|x86 = Debug|x86
		Release|x64 = Release|x64
		Release|x86 = Release|x86
	EndGlobalSection
	GlobalSection(ProjectConfigurationPlatforms) = postSolution
		{178C2D65-8635-406D-A3A4-21E23B1D0881}.Debug|x64.ActiveCfg = Debug|x64
		{178C2D65-8635-406D-A3A4-21E23B1D0881}.Debug|x64.Build.0 = Debug|x64
		{178C2D65-8635-406D-A3A4-21E23B1D0881}.Debug|x86.ActiveCfg = Debug|Win32
		{178C2D65-8635-406D-A3A4-21E23B1D0881}.Debug|x86.Build.0 = Debug|Win32
		{178C2D65-8635-406D-A3A4-21E23B1D0881}.Release|x64.ActiveCfg = Release|x64
		{178C2D65-8635-406D-A3A4-21E23B1D0881}.Release|x64.Build.0 = Release|x64
		{178C2D65-8635-406D-A3A4-21E23B1D0881}.Release|x86.ActiveCfg = Release|Win32
		{178C2D65-8635-406D-A3A4-21E23B1D0881}.Release|x86.Build.0 = Release|Win32
	EndGlobalSection
	GlobalSection(SolutionProperties) = preSolution
		HideSolutionNode = FALSE
	EndGlobalSection
	GlobalSection(ExtensibilityGlobals) = postSolution
		SolutionGuid = {F0D9E62F-9B99-4FCF-A3E7-AD61D1E94E2C}
	EndGlobalSection
EndGlobal
